
Microsoft Visual Studio Solution File, Format Version 12.00
# Visual Studio Version 17
VisualStudioVersion = 17.10.34607.79
MinimumVisualStudioVersion = 10.0.40219.1
Project("{FAE04EC0-301F-11D3-BF4B-00C04F79EFBC}") = "APIContagem", "APIContagem.csproj", "{103B8AE8-5B3C-44D2-BCB5-A45ECD76D2AD}"
EndProject
Global
	GlobalSection(SolutionConfigurationPlatforms) = preSolution
		Debug|Any CPU = Debug|Any CPU
		Release|Any CPU = Release|Any CPU
	EndGlobalSection
	GlobalSection(ProjectConfigurationPlatforms) = postSolution
		{103B8AE8-5B3C-44D2-BCB5-A45ECD76D2AD}.Debug|Any CPU.ActiveCfg = Debug|Any CPU
		{103B8AE8-5B3C-44D2-BCB5-A45ECD76D2AD}.Debug|Any CPU.Build.0 = Debug|Any CPU
		{103B8AE8-5B3C-44D2-BCB5-A45ECD76D2AD}.Release|Any CPU.ActiveCfg = Release|Any CPU
		{103B8AE8-5B3C-44D2-BCB5-A45ECD76D2AD}.Release|Any CPU.Build.0 = Release|Any CPU
	EndGlobalSection
	GlobalSection(SolutionProperties) = preSolution
		HideSolutionNode = FALSE
	EndGlobalSection
	GlobalSection(ExtensibilityGlobals) = postSolution
		SolutionGuid = {BBA16001-EBEE-4E05-97C4-8B238C8E105A}
	EndGlobalSection
EndGlobal
